
Microsoft Visual Studio Solution File, Format Version 12.00
# Visual Studio 14
VisualStudioVersion = 14.0.24720.0
MinimumVisualStudioVersion = 10.0.40219.1
Project("{FAE04EC0-301F-11D3-BF4B-00C04F79EFBC}") = "sarbaz", "sarbaz\sarbaz.csproj", "{023F4660-9B46-431D-B36F-498DCA304D71}"
EndProject
Project("{54435603-DBB4-11D2-8724-00A0C9A8B90C}") = "Setup_SHM", "Setup_SHM\Setup_SHM.vdproj", "{3C71597D-077E-4979-80A5-EB08314F6536}"
EndProject
Global
	GlobalSection(SolutionConfigurationPlatforms) = preSolution
		Debug|x86 = Debug|x86
		Release|x86 = Release|x86
	EndGlobalSection
	GlobalSection(ProjectConfigurationPlatforms) = postSolution
		{023F4660-9B46-431D-B36F-498DCA304D71}.Debug|x86.ActiveCfg = Debug|x86
		{023F4660-9B46-431D-B36F-498DCA304D71}.Debug|x86.Build.0 = Debug|x86
		{023F4660-9B46-431D-B36F-498DCA304D71}.Release|x86.ActiveCfg = Release|x86
		{023F4660-9B46-431D-B36F-498DCA304D71}.Release|x86.Build.0 = Release|x86
		{3C71597D-077E-4979-80A5-EB08314F6536}.Debug|x86.ActiveCfg = Debug
		{3C71597D-077E-4979-80A5-EB08314F6536}.Release|x86.ActiveCfg = Release
	EndGlobalSection
	GlobalSection(SolutionProperties) = preSolution
		HideSolutionNode = FALSE
	EndGlobalSection
EndGlobal
